{
  "lockfileVersion": 1,
  "configVersion": 1,
  "workspaces": {
    "": {
      "name": "mustache",
      "devDependencies": {
        "@types/bun": "latest",
        "oxfmt": "^0.51.0",
        "oxlint": "^1.73.0",
      },
      "peerDependencies": {
        "typescript": "^7.0.2",
      },
    },
  },
  "packages": {
    "@oxfmt/binding-android-arm-eabi": ["@oxfmt/binding-android-arm-eabi@0.51.0", "", { "os": "android", "cpu": "arm" }, "sha512-Ni0sCqg5CIHaLIYFGj+ncbcumylvNC6FE4rfD0KfdmnWHbPJ+zev0qZCXKxy2hFVa0fYRK0yPzf5nzPbkZou7g=="],

    "@oxfmt/binding-android-arm64": ["@oxfmt/binding-android-arm64@0.51.0", "", { "os": "android", "cpu": "arm64" }, "sha512-eu5lAZjuo0KAkp+M24EhDqfOwA8owQ8d7wyBlOUUGRbDLHpU3IRlDHp8Dif+YqGlxs6jra7yS6WQu/NkPhAxeg=="],

    "@oxfmt/binding-darwin-arm64": ["@oxfmt/binding-darwin-arm64@0.51.0", "", { "os": "darwin", "cpu": "arm64" }, "sha512-6LsUNIdURhhcIfIn8+xsOb61mSTa9msAHTeSGx9Jf4rsP/gN8PGCF+SKWPAQZbND2w/WBkqQ6303jqEEIXzMdQ=="],

    "@oxfmt/binding-darwin-x64": ["@oxfmt/binding-darwin-x64@0.51.0", "", { "os": "darwin", "cpu": "x64" }, "sha512-9aUMGmVxdHjYMsEAW1tNRoieTJXlVNDFkRvIR1J7LttJXWjVYCu2ekclLij2KJtxBxSQOYSHd12ME/adVGVbZg=="],

    "@oxfmt/binding-freebsd-x64": ["@oxfmt/binding-freebsd-x64@0.51.0", "", { "os": "freebsd", "cpu": "x64" }, "sha512-mkY1nhZTqYb+NHaAWxOCKISN6FwdrwMNsu17vTUA3wzUV2VJ+Paq15ZokRcsMU/2PUdHO73prxyeJpjXQ3MPpQ=="],

    "@oxfmt/binding-linux-arm-gnueabihf": ["@oxfmt/binding-linux-arm-gnueabihf@0.51.0", "", { "os": "linux", "cpu": "arm" }, "sha512-wtFwNwE4+YCNuPaWoGDZeGsKvD6D1YSUNBJNn/rJBh7CrDBThFE+TBI5kY7vRW9rIOQRsbW2IpyyL3Du4Zqwiw=="],

    "@oxfmt/binding-linux-arm-musleabihf": ["@oxfmt/binding-linux-arm-musleabihf@0.51.0", "", { "os": "linux", "cpu": "arm" }, "sha512-rnOaNx86G7iRKM6lsCIQMux0SMGNC/TEbFR+r7lpruJ12bnrIWgxd5w1PLqOvgR9r8ZJbpK/zfRKctJnh8/Jfg=="],

    "@oxfmt/binding-linux-arm64-gnu": ["@oxfmt/binding-linux-arm64-gnu@0.51.0", "", { "os": "linux", "cpu": "arm64" }, "sha512-jOgDzSqWcICGRjsp4mc08FxKMN8vzP2Kgs4E0d2HUP99F+nJDQKklRV4Zuj+0gcBgjrzx2CbpqaIdUVPepCojA=="],

    "@oxfmt/binding-linux-arm64-musl": ["@oxfmt/binding-linux-arm64-musl@0.51.0", "", { "os": "linux", "cpu": "arm64" }, "sha512-KBUCdrH5bwVrAvI9gU/1S55oH6fzXjr++J/oVocdu7bYTks1l7DNNT+rLd/1TDdAEjObGwmfWamn7LC1m8A0DQ=="],

    "@oxfmt/binding-linux-ppc64-gnu": ["@oxfmt/binding-linux-ppc64-gnu@0.51.0", "", { "os": "linux", "cpu": "ppc64" }, "sha512-NapfjYsABFqTJ1Dn9Efq6sN5esaHconVKwVLbDGNQLrwpOx/g17mkwErHzU72PutL67nf3wNAkbq122H+zLxag=="],

    "@oxfmt/binding-linux-riscv64-gnu": ["@oxfmt/binding-linux-riscv64-gnu@0.51.0", "", { "os": "linux", "cpu": "none" }, "sha512-5dlDt1dUZCVi6elIhiK1PWg9wpTzTcIuj0IZnSurvIoMrhOWqqTcc1dSTxcSkNaBZhfsNqRZdINI1zAgbKkJNQ=="],

    "@oxfmt/binding-linux-riscv64-musl": ["@oxfmt/binding-linux-riscv64-musl@0.51.0", "", { "os": "linux", "cpu": "none" }, "sha512-pgdWUJn0S5nulyiVdlFV8DzCUnGXkU99W5PSkkmbaZW+LrZBPxpezun4G0DDHbQaVYuJeCuKsXsGKGo77CkUTQ=="],

    "@oxfmt/binding-linux-s390x-gnu": ["@oxfmt/binding-linux-s390x-gnu@0.51.0", "", { "os": "linux", "cpu": "s390x" }, "sha512-2XTFUe97CbDGAI8vjwDfZ1HdakO0XIADyJ24idEg64SC4/K4in/OisXVnrW4NMK7I6TgC7EqRhC0Ln/nKhAemA=="],

    "@oxfmt/binding-linux-x64-gnu": ["@oxfmt/binding-linux-x64-gnu@0.51.0", "", { "os": "linux", "cpu": "x64" }, "sha512-kQ1OuCqqt/yyf0ZN9VFxW1/JnlgJgii3Dr7pWf9vNBvrX1hv6g39/+mc5oGRHRGJFZtl3zsGDWR9c5N2B/gwBw=="],

    "@oxfmt/binding-linux-x64-musl": ["@oxfmt/binding-linux-x64-musl@0.51.0", "", { "os": "linux", "cpu": "x64" }, "sha512-ARTYqxHF475o96Gbn41hvSWSSRygPlRDXZZgZ9I2scU1y0qiWpCQyZCoefaQa0mwv+wwtZ+luS4YOzsRzM/izg=="],

    "@oxfmt/binding-openharmony-arm64": ["@oxfmt/binding-openharmony-arm64@0.51.0", "", { "os": "none", "cpu": "arm64" }, "sha512-QiC1XrCl6a6BmqMzduO8hdIRMf1m44hCkt2Q68KWkTvUB/E7fd2iomyNh6KnnRca5w6eBrRAAtLFqTh+xjsjJA=="],

    "@oxfmt/binding-win32-arm64-msvc": ["@oxfmt/binding-win32-arm64-msvc@0.51.0", "", { "os": "win32", "cpu": "arm64" }, "sha512-NC/hJb9dtU23Zf8L7IVK95xnFjiQ7AfcLO2l5pb69TDEr958qxrtnB2CveeeNSCBFNIkgaTCfd/vHNSoG78l9g=="],

    "@oxfmt/binding-win32-ia32-msvc": ["@oxfmt/binding-win32-ia32-msvc@0.51.0", "", { "os": "win32", "cpu": "ia32" }, "sha512-2C45za4Rj36n8YIbhRL1PQbxmXJYf81WEcAgvj5I4ptRROG+A+81hREEN5bmCHADE1UfYaN312U6tkILoZZy6w=="],

    "@oxfmt/binding-win32-x64-msvc": ["@oxfmt/binding-win32-x64-msvc@0.51.0", "", { "os": "win32", "cpu": "x64" }, "sha512-73RqdAuVKQTkjZIDw08JaDHUM4lav5Qu+CaPwg4QbbA7k8o7LEW0p3UsfZ/F8dsO/pwVYh3RzFcanwLRTTahbQ=="],

    "@oxlint/binding-android-arm-eabi": ["@oxlint/binding-android-arm-eabi@1.75.0", "", { "os": "android", "cpu": "arm" }, "sha512-lutovtFzJqlRaqpZrCqSSGaHZzl9nIxxpjLzhSRLunN6dCLylj0uzlCyQGaQDIys7rrv8kVXiFO+R4Zpn0bX7g=="],

    "@oxlint/binding-android-arm64": ["@oxlint/binding-android-arm64@1.75.0", "", { "os": "android", "cpu": "arm64" }, "sha512-hXI0hDgHkw4w5nfru72aG7y+2iQJmC4waH/KV6H/hbgA6yAP5jYNx0P9yug15Hs0tWl/+mda3Jjn/2gmDT48tw=="],

    "@oxlint/binding-darwin-arm64": ["@oxlint/binding-darwin-arm64@1.75.0", "", { "os": "darwin", "cpu": "arm64" }, "sha512-D91BWbK/dMYfCcrghspPIuKs2D9LF4Z/OabVSQjw1AO6PWxArD7teDA48bm0ySFqWDaPVqmQRl5GMWNglTXyrQ=="],

    "@oxlint/binding-darwin-x64": ["@oxlint/binding-darwin-x64@1.75.0", "", { "os": "darwin", "cpu": "x64" }, "sha512-02mpwzf12BonZ6PT0TuQoomvEh2kVl2WGBIKWezCyToIS+rYkQZ6GXnARBAl9A4Ovm2V+Xe7M4KretyqmmcnJQ=="],

    "@oxlint/binding-freebsd-x64": ["@oxlint/binding-freebsd-x64@1.75.0", "", { "os": "freebsd", "cpu": "x64" }, "sha512-qZJgLnDaBsiL5YESx2t/TZ8eXkL9fEkKoXEdzegROhlz9A0lgyGnZ0dAzJrh7LJAHQl2K9RdRueN2s/9N7+odg=="],

    "@oxlint/binding-linux-arm-gnueabihf": ["@oxlint/binding-linux-arm-gnueabihf@1.75.0", "", { "os": "linux", "cpu": "arm" }, "sha512-7XlaWA5BJD3XpCfrEqjEe6Zseeb14S7QGa304XfwKignRaKQ+eIj775BQ7nIslggWickl4IsPUFqJ+/gAyNHVg=="],

    "@oxlint/binding-linux-arm-musleabihf": ["@oxlint/binding-linux-arm-musleabihf@1.75.0", "", { "os": "linux", "cpu": "arm" }, "sha512-av6Tpv8yrcMMMOadOqENBhlsLRcGFXXwoQ0hzHhsmS9FJ4Wioy8we427GbcMe2XTxmL2e60T67H1Dyr3up+tAA=="],

    "@oxlint/binding-linux-arm64-gnu": ["@oxlint/binding-linux-arm64-gnu@1.75.0", "", { "os": "linux", "cpu": "arm64" }, "sha512-WcUhd8fHT5plrA14lANevl+hOl815mVI5t2hU21oFWrZKFXIVV/Sr4rWQV0NzSvzBupbMLNc5ErEA6Ehxh5jMg=="],

    "@oxlint/binding-linux-arm64-musl": ["@oxlint/binding-linux-arm64-musl@1.75.0", "", { "os": "linux", "cpu": "arm64" }, "sha512-UWzp5wRHFe/ESO3+eEaxXsTkYTGLYjnTsi/I5neEacXSItQ6WNleapfOAeA4x2b8nyhJ4uQxqvtv9pHv8kWJtQ=="],

    "@oxlint/binding-linux-ppc64-gnu": ["@oxlint/binding-linux-ppc64-gnu@1.75.0", "", { "os": "linux", "cpu": "ppc64" }, "sha512-XEVRwGMLKCUKrvhLAz4F6AIh8MJrQVdSZtAmPpRZt9tGPsUnamPOcl3dS/ZQzJnar/Ymgc//+xho0L60Emzuxg=="],

    "@oxlint/binding-linux-riscv64-gnu": ["@oxlint/binding-linux-riscv64-gnu@1.75.0", "", { "os": "linux", "cpu": "none" }, "sha512-mAG4DUXqfLC8cTjMD2kt3jDmVzFREYtDyeLNdLdsCcBc4Zbl2EMuiFektGBilQwkNjYnMvCqJs55U+Hyb+b+jw=="],

    "@oxlint/binding-linux-riscv64-musl": ["@oxlint/binding-linux-riscv64-musl@1.75.0", "", { "os": "linux", "cpu": "none" }, "sha512-95hrAvriAlI+pekSomTFIn0+bawMDlDwTNVmdjsFusTHyL2JWh7TWvRNG/Lkim72uN8OiCcO9wcaC6omLP5E3w=="],

    "@oxlint/binding-linux-s390x-gnu": ["@oxlint/binding-linux-s390x-gnu@1.75.0", "", { "os": "linux", "cpu": "s390x" }, "sha512-4b6f2+FrtruAESrCqIKcrarzfrSx+wk2QNcp+RT91/Prc+pMQMAfyZ1rG1c3tFQNl8Bc616tx40uNXyxNBRPbQ=="],

    "@oxlint/binding-linux-x64-gnu": ["@oxlint/binding-linux-x64-gnu@1.75.0", "", { "os": "linux", "cpu": "x64" }, "sha512-nshAhrUvXFUWOvqQ2soIw7HFNWvpvEV4o0cYSqPtzLiPF5gKyYTDOOTJ6Rn8g8K/iGvPIrbDA4v8+5MvnjJrrg=="],

    "@oxlint/binding-linux-x64-musl": ["@oxlint/binding-linux-x64-musl@1.75.0", "", { "os": "linux", "cpu": "x64" }, "sha512-e4jNxLKnxLC6sYBQRxrI2pgIIxnmMtF8U/VwNYcjTT/CLS+spH624cYVnj07bTKwaEWT37/e025isOs6j/0xqA=="],

    "@oxlint/binding-openharmony-arm64": ["@oxlint/binding-openharmony-arm64@1.75.0", "", { "os": "none", "cpu": "arm64" }, "sha512-hZ2lH+1qLf/DiEP9UWuQTK2JWj/BgvMB4jhIV4SmNU1wfEiYYX4TynQyAZXx0j9X4qRYizAL042SKaV+8ynh4w=="],

    "@oxlint/binding-win32-arm64-msvc": ["@oxlint/binding-win32-arm64-msvc@1.75.0", "", { "os": "win32", "cpu": "arm64" }, "sha512-Ilj6PNzGDS3bCU0MSJH7Msh0NhH+T/mRp2shwg+q+GHeVlPwP5LEboW96aW+3kVKFk6zYZy1Xi5pZkqZh6X8KQ=="],

    "@oxlint/binding-win32-ia32-msvc": ["@oxlint/binding-win32-ia32-msvc@1.75.0", "", { "os": "win32", "cpu": "ia32" }, "sha512-QVit2nOEOiPhkmsrksPSkoGCdnZRNkspt8fwoYyP09te1VEbnSj4LAxua4rc8FKTmWkySVe05j8iz9GXYfF1AQ=="],

    "@oxlint/binding-win32-x64-msvc": ["@oxlint/binding-win32-x64-msvc@1.75.0", "", { "os": "win32", "cpu": "x64" }, "sha512-DSxnNkBUAYARPwJtR12Ig3deWr8w0H997xP6jy33i+e0SyYJw8FKuz4+cZtpmPEhQmvlPJE3X/2vNxDmLkd/rA=="],

    "@types/bun": ["@types/bun@1.3.14", "", { "dependencies": { "bun-types": "1.3.14" } }, "sha512-h1hFqFVcvAvD9j9K7ZW7vd82aSA+rTdznZa+5bwvCwqSB1jmmfLcbIWhOLx1/+boy/xmjgCs/OMUL8hRJSmnPw=="],

    "@types/node": ["@types/node@26.1.1", "", { "dependencies": { "undici-types": "~8.3.0" } }, "sha512-nxAkRSVkN1Y0JC1W8ky/fTfkGsMmcrRsbx+3XoZE+rMOX71kLYTV7fLXpqud1GpbpP5TuffXFqfX7fH2GgZREw=="],

    "bun-types": ["bun-types@1.3.14", "", { "dependencies": { "@types/node": "*" } }, "sha512-4N0ig0fEomHt5R0KCFWjovxow98rIoRwKolrYdCcknNwMekCXRnWEUvgu5soYV8QXtVsrUD8B95MBOZGPvr6KQ=="],

    "oxfmt": ["oxfmt@0.51.0", "", { "dependencies": { "tinypool": "2.1.0" }, "optionalDependencies": { "@oxfmt/binding-android-arm-eabi": "0.51.0", "@oxfmt/binding-android-arm64": "0.51.0", "@oxfmt/binding-darwin-arm64": "0.51.0", "@oxfmt/binding-darwin-x64": "0.51.0", "@oxfmt/binding-freebsd-x64": "0.51.0", "@oxfmt/binding-linux-arm-gnueabihf": "0.51.0", "@oxfmt/binding-linux-arm-musleabihf": "0.51.0", "@oxfmt/binding-linux-arm64-gnu": "0.51.0", "@oxfmt/binding-linux-arm64-musl": "0.51.0", "@oxfmt/binding-linux-ppc64-gnu": "0.51.0", "@oxfmt/binding-linux-riscv64-gnu": "0.51.0", "@oxfmt/binding-linux-riscv64-musl": "0.51.0", "@oxfmt/binding-linux-s390x-gnu": "0.51.0", "@oxfmt/binding-linux-x64-gnu": "0.51.0", "@oxfmt/binding-linux-x64-musl": "0.51.0", "@oxfmt/binding-openharmony-arm64": "0.51.0", "@oxfmt/binding-win32-arm64-msvc": "0.51.0", "@oxfmt/binding-win32-ia32-msvc": "0.51.0", "@oxfmt/binding-win32-x64-msvc": "0.51.0" }, "peerDependencies": { "svelte": "^5.0.0" }, "optionalPeers": ["svelte"], "bin": { "oxfmt": "bin/oxfmt" } }, "sha512-l/AoAnaEOV7Q5/Z9kHOMDehVJnCgYN7wRoooWCTUMBMi16BJhLZqd9cmCnwcVFfVlzkt53zK2KLPFNp8vSsoDg=="],

    "oxlint": ["oxlint@1.75.0", "", { "optionalDependencies": { "@oxlint/binding-android-arm-eabi": "1.75.0", "@oxlint/binding-android-arm64": "1.75.0", "@oxlint/binding-darwin-arm64": "1.75.0", "@oxlint/binding-darwin-x64": "1.75.0", "@oxlint/binding-freebsd-x64": "1.75.0", "@oxlint/binding-linux-arm-gnueabihf": "1.75.0", "@oxlint/binding-linux-arm-musleabihf": "1.75.0", "@oxlint/binding-linux-arm64-gnu": "1.75.0", "@oxlint/binding-linux-arm64-musl": "1.75.0", "@oxlint/binding-linux-ppc64-gnu": "1.75.0", "@oxlint/binding-linux-riscv64-gnu": "1.75.0", "@oxlint/binding-linux-riscv64-musl": "1.75.0", "@oxlint/binding-linux-s390x-gnu": "1.75.0", "@oxlint/binding-linux-x64-gnu": "1.75.0", "@oxlint/binding-linux-x64-musl": "1.75.0", "@oxlint/binding-openharmony-arm64": "1.75.0", "@oxlint/binding-win32-arm64-msvc": "1.75.0", "@oxlint/binding-win32-ia32-msvc": "1.75.0", "@oxlint/binding-win32-x64-msvc": "1.75.0" }, "peerDependencies": { "oxlint-tsgolint": ">=7.0.2001", "vite-plus": "*" }, "optionalPeers": ["oxlint-tsgolint", "vite-plus"], "bin": { "oxlint": "bin/oxlint" } }, "sha512-m9WzjRcRYA/uqIZDa9tclrieoPJ/ln1QYTKdFx6NUOs8uY5DiHlIwRQoCrHT6OM6O3ww3l2skY5gO7G7ZphE7g=="],

    "tinypool": ["tinypool@2.1.0", "", {}, "sha512-Pugqs6M0m7Lv1I7FtxN4aoyToKg1C4tu+/381vH35y8oENM/Ai7f7C4StcoK4/+BSw9ebcS8jRiVrORFKCALLw=="],

    "typescript": ["typescript@5.9.3", "", { "bin": { "tsc": "bin/tsc", "tsserver": "bin/tsserver" } }, "sha512-jl1vZzPDinLr9eUt3J/t7V6FgNEw9QjvBPdysz9KfQDD41fQrC2Y4vKQdiaUpFT4bXlb1RHhLpp8wtm6M5TgSw=="],

    "undici-types": ["undici-types@8.3.0", "", {}, "sha512-j375ScV60dom+YkPFIfTLcOiPxkN/buHz5GobjLhixFuANaNs3C9l4GmrWqejgXWJ7BbJcFYpTEUkS1Ge8bpZQ=="],
  }
}
